
Microsoft Visual Studio Solution File, Format Version 12.00
# Visual Studio Version 17
VisualStudioVersion = 17.8.34525.116
MinimumVisualStudioVersion = 10.0.40219.1
Project("{FAE04EC0-301F-11D3-BF4B-00C04F79EFBC}") = "EshopApi", "EshopApi\EshopApi.csproj", "{DA334A3F-7EA4-4CA1-9C9C-7FB7CD04AB9C}"
EndProject
Global
	GlobalSection(SolutionConfigurationPlatforms) = preSolution
		Debug|Any CPU = Debug|Any CPU
		Release|Any CPU = Release|Any CPU
	EndGlobalSection
	GlobalSection(ProjectConfigurationPlatforms) = postSolution
		{DA334A3F-7EA4-4CA1-9C9C-7FB7CD04AB9C}.Debug|Any CPU.ActiveCfg = Debug|Any CPU
		{DA334A3F-7EA4-4CA1-9C9C-7FB7CD04AB9C}.Debug|Any CPU.Build.0 = Debug|Any CPU
		{DA334A3F-7EA4-4CA1-9C9C-7FB7CD04AB9C}.Release|Any CPU.ActiveCfg = Release|Any CPU
		{DA334A3F-7EA4-4CA1-9C9C-7FB7CD04AB9C}.Release|Any CPU.Build.0 = Release|Any CPU
	EndGlobalSection
	GlobalSection(SolutionProperties) = preSolution
		HideSolutionNode = FALSE
	EndGlobalSection
	GlobalSection(ExtensibilityGlobals) = postSolution
		SolutionGuid = {4D1709C7-BA19-4BCA-8762-B4A13F05D706}
	EndGlobalSection
EndGlobal
